// !$*UTF8*$!
{
	archiveVersion = 1;
	classes = {
	};
	objectVersion = 56;
	objects = {

/* Begin PBXBuildFile section */
		F75615D22D20585A00045956 /* SettingsView.swift in Sources */ = {isa = PBXBuildFile; fileRef = F75615D12D20585A00045956 /* SettingsView.swift */; };
		F75615D42D205B7700045956 /* SettingsViewController.swift in Sources */ = {isa = PBXBuildFile; fileRef = F75615D32D205B7700045956 /* SettingsViewController.swift */; };
		F75615D62D284D4800045956 /* SettingsOptionView.swift in Sources */ = {isa = PBXBuildFile; fileRef = F75615D52D284D4800045956 /* SettingsOptionView.swift */; };
		F75615DA2D29766F00045956 /* ScreenLine.swift in Sources */ = {isa = PBXBuildFile; fileRef = F75615D92D29766F00045956 /* ScreenLine.swift */; };
		F759EDDD2D0F311F00E12F68 /* Header.swift in Sources */ = {isa = PBXBuildFile; fileRef = F759EDDC2D0F311F00E12F68 /* Header.swift */; };
		F759EDE32D134CA100E12F68 /* QuestionView.swift in Sources */ = {isa = PBXBuildFile; fileRef = F759EDE22D134CA100E12F68 /* QuestionView.swift */; };
		F759EDE62D18742C00E12F68 /* SoundManager.swift in Sources */ = {isa = PBXBuildFile; fileRef = F759EDE52D18742C00E12F68 /* SoundManager.swift */; };
		F759EDE92D18791100E12F68 /* QuestionViewModel.swift in Sources */ = {isa = PBXBuildFile; fileRef = F759EDE82D18791100E12F68 /* QuestionViewModel.swift */; };
		F759EDED2D187AB800E12F68 /* Dynamic.swift in Sources */ = {isa = PBXBuildFile; fileRef = F759EDEC2D187AB800E12F68 /* Dynamic.swift */; };
		F759EDEF2D1A4AF100E12F68 /* AppSounds.swift in Sources */ = {isa = PBXBuildFile; fileRef = F759EDEE2D1A4AF100E12F68 /* AppSounds.swift */; };
		F77CB0FE2CC69572002D98A8 /* AppDelegate.swift in Sources */ = {isa = PBXBuildFile; fileRef = F77CB0FD2CC69572002D98A8 /* AppDelegate.swift */; };
		F77CB1002CC69572002D98A8 /* SceneDelegate.swift in Sources */ = {isa = PBXBuildFile; fileRef = F77CB0FF2CC69572002D98A8 /* SceneDelegate.swift */; };
		F77CB1072CC6957C002D98A8 /* Assets.xcassets in Resources */ = {isa = PBXBuildFile; fileRef = F77CB1062CC6957C002D98A8 /* Assets.xcassets */; };
		F77CB10A2CC6957C002D98A8 /* LaunchScreen.storyboard in Resources */ = {isa = PBXBuildFile; fileRef = F77CB1082CC6957C002D98A8 /* LaunchScreen.storyboard */; };
		F77CB11C2CC69A3E002D98A8 /* BaseViewController.swift in Sources */ = {isa = PBXBuildFile; fileRef = F77CB11B2CC69A3E002D98A8 /* BaseViewController.swift */; };
		F77CB11F2CC69B28002D98A8 /* MenuViewController.swift in Sources */ = {isa = PBXBuildFile; fileRef = F77CB11E2CC69B28002D98A8 /* MenuViewController.swift */; };
		F77CB1212CC6A05C002D98A8 /* MenuView.swift in Sources */ = {isa = PBXBuildFile; fileRef = F77CB1202CC6A05C002D98A8 /* MenuView.swift */; };
		F77CB1232CC6A0F7002D98A8 /* MenuViewModel.swift in Sources */ = {isa = PBXBuildFile; fileRef = F77CB1222CC6A0F6002D98A8 /* MenuViewModel.swift */; };
		F77CB1262CC6A282002D98A8 /* SnapKit in Frameworks */ = {isa = PBXBuildFile; productRef = F77CB1252CC6A282002D98A8 /* SnapKit */; };
		F77CB1282CC6A282002D98A8 /* SnapKit-Dynamic in Frameworks */ = {isa = PBXBuildFile; productRef = F77CB1272CC6A282002D98A8 /* SnapKit-Dynamic */; };
		F77CB12A2CC6B965002D98A8 /* CategoryView.swift in Sources */ = {isa = PBXBuildFile; fileRef = F77CB1292CC6B965002D98A8 /* CategoryView.swift */; };
		F77CB12C2CC940F0002D98A8 /* InformationView.swift in Sources */ = {isa = PBXBuildFile; fileRef = F77CB12B2CC940F0002D98A8 /* InformationView.swift */; };
		F77CB12E2CC95F6F002D98A8 /* MenuScreenBuilder.swift in Sources */ = {isa = PBXBuildFile; fileRef = F77CB12D2CC95F6E002D98A8 /* MenuScreenBuilder.swift */; };
		F77CB1322CCAA344002D98A8 /* AppColor.swift in Sources */ = {isa = PBXBuildFile; fileRef = F77CB1312CCAA344002D98A8 /* AppColor.swift */; };
		F77CB1342CCEE817002D98A8 /* CustomButton.swift in Sources */ = {isa = PBXBuildFile; fileRef = F77CB1332CCEE816002D98A8 /* CustomButton.swift */; };
		F77CB1372CDBA576002D98A8 /* AppFonts.swift in Sources */ = {isa = PBXBuildFile; fileRef = F77CB1362CDBA575002D98A8 /* AppFonts.swift */; };
		F77CB1452CDBA868002D98A8 /* Helper.swift in Sources */ = {isa = PBXBuildFile; fileRef = F77CB1442CDBA868002D98A8 /* Helper.swift */; };
		F77CB1472CDBA870002D98A8 /* Device.swift in Sources */ = {isa = PBXBuildFile; fileRef = F77CB1462CDBA870002D98A8 /* Device.swift */; };
		F77CB1492CDBA87D002D98A8 /* Dimension.swift in Sources */ = {isa = PBXBuildFile; fileRef = F77CB1482CDBA87D002D98A8 /* Dimension.swift */; };
		F7B10C902CF5EAD6008C09F3 /* error.mp3 in Resources */ = {isa = PBXBuildFile; fileRef = F7B10C892CF5EAD5008C09F3 /* error.mp3 */; };
		F7B10C912CF5EAD6008C09F3 /* hideContinue.mp3 in Resources */ = {isa = PBXBuildFile; fileRef = F7B10C8A2CF5EAD5008C09F3 /* hideContinue.mp3 */; };
		F7B10C922CF5EAD6008C09F3 /* click.mp3 in Resources */ = {isa = PBXBuildFile; fileRef = F7B10C8B2CF5EAD6008C09F3 /* click.mp3 */; };
		F7B10C932CF5EAD6008C09F3 /* swipe.mp3 in Resources */ = {isa = PBXBuildFile; fileRef = F7B10C8C2CF5EAD6008C09F3 /* swipe.mp3 */; };
		F7B10C942CF5EAD6008C09F3 /* rightAnswer.mp3 in Resources */ = {isa = PBXBuildFile; fileRef = F7B10C8D2CF5EAD6008C09F3 /* rightAnswer.mp3 */; };
		F7B10C952CF5EAD6008C09F3 /* trash.mp3 in Resources */ = {isa = PBXBuildFile; fileRef = F7B10C8E2CF5EAD6008C09F3 /* trash.mp3 */; };
		F7B10C962CF5EAD6008C09F3 /* showContinue.mp3 in Resources */ = {isa = PBXBuildFile; fileRef = F7B10C8F2CF5EAD6008C09F3 /* showContinue.mp3 */; };
		F7F9AE3A2CDD234700A6EDF6 /* CGFloat + Extension.swift in Sources */ = {isa = PBXBuildFile; fileRef = F7F9AE392CDD234700A6EDF6 /* CGFloat + Extension.swift */; };
		F7F9AE3B2CDD307900A6EDF6 /* Inter-Bold.ttf in Resources */ = {isa = PBXBuildFile; fileRef = F77CB13D2CDBA62F002D98A8 /* Inter-Bold.ttf */; };
		F7F9AE3C2CDD307900A6EDF6 /* Inter-Regular.ttf in Resources */ = {isa = PBXBuildFile; fileRef = F77CB13C2CDBA62E002D98A8 /* Inter-Regular.ttf */; };
		F7F9AE3D2CDD307900A6EDF6 /* Inter-SemiBold.ttf in Resources */ = {isa = PBXBuildFile; fileRef = F77CB1392CDBA62E002D98A8 /* Inter-SemiBold.ttf */; };
		F7F9AE3E2CDD307900A6EDF6 /* WorkSans-Bold.ttf in Resources */ = {isa = PBXBuildFile; fileRef = F77CB13A2CDBA62E002D98A8 /* WorkSans-Bold.ttf */; };
		F7F9AE3F2CDD307900A6EDF6 /* WorkSans-Regular.ttf in Resources */ = {isa = PBXBuildFile; fileRef = F77CB13B2CDBA62E002D98A8 /* WorkSans-Regular.ttf */; };
		F7F9AE412CDD345300A6EDF6 /* ParametersButton.swift in Sources */ = {isa = PBXBuildFile; fileRef = F7F9AE402CDD345300A6EDF6 /* ParametersButton.swift */; };
		F7F9AE452CE147A400A6EDF6 /* QuestionsViewController.swift in Sources */ = {isa = PBXBuildFile; fileRef = F7F9AE442CE147A400A6EDF6 /* QuestionsViewController.swift */; };
		F7F9AE4D2CE3E3A600A6EDF6 /* SectionModel.swift in Sources */ = {isa = PBXBuildFile; fileRef = F7F9AE4C2CE3E3A600A6EDF6 /* SectionModel.swift */; };
		F7F9AE4F2CE3EB5000A6EDF6 /* HeaderReusableView.swift in Sources */ = {isa = PBXBuildFile; fileRef = F7F9AE4E2CE3EB5000A6EDF6 /* HeaderReusableView.swift */; };
		F7F9AE512CE3EE2000A6EDF6 /* QuestionsScreenBuilder.swift in Sources */ = {isa = PBXBuildFile; fileRef = F7F9AE502CE3EE2000A6EDF6 /* QuestionsScreenBuilder.swift */; };
		F7F9AE542CE54A9500A6EDF6 /* Coordinator.swift in Sources */ = {isa = PBXBuildFile; fileRef = F7F9AE532CE54A9500A6EDF6 /* Coordinator.swift */; };
		F7F9AE5A2CE571ED00A6EDF6 /* MenuCoordinator.swift in Sources */ = {isa = PBXBuildFile; fileRef = F7F9AE592CE571ED00A6EDF6 /* MenuCoordinator.swift */; };
		F7F9AE5C2CE7627200A6EDF6 /* EnlargedImageView.swift in Sources */ = {isa = PBXBuildFile; fileRef = F7F9AE5B2CE7627200A6EDF6 /* EnlargedImageView.swift */; };
/* End PBXBuildFile section */

/* Begin PBXFileReference section */
		F75615D12D20585A00045956 /* SettingsView.swift */ = {isa = PBXFileReference; lastKnownFileType = sourcecode.swift; path = SettingsView.swift; sourceTree = "<group>"; };
		F75615D32D205B7700045956 /* SettingsViewController.swift */ = {isa = PBXFileReference; lastKnownFileType = sourcecode.swift; path = SettingsViewController.swift; sourceTree = "<group>"; };
		F75615D52D284D4800045956 /* SettingsOptionView.swift */ = {isa = PBXFileReference; lastKnownFileType = sourcecode.swift; path = SettingsOptionView.swift; sourceTree = "<group>"; };
		F75615D92D29766F00045956 /* ScreenLine.swift */ = {isa = PBXFileReference; lastKnownFileType = sourcecode.swift; path = ScreenLine.swift; sourceTree = "<group>"; };
		F759EDDC2D0F311F00E12F68 /* Header.swift */ = {isa = PBXFileReference; lastKnownFileType = sourcecode.swift; path = Header.swift; sourceTree = "<group>"; };
		F759EDE22D134CA100E12F68 /* QuestionView.swift */ = {isa = PBXFileReference; lastKnownFileType = sourcecode.swift; path = QuestionView.swift; sourceTree = "<group>"; };
		F759EDE52D18742C00E12F68 /* SoundManager.swift */ = {isa = PBXFileReference; lastKnownFileType = sourcecode.swift; path = SoundManager.swift; sourceTree = "<group>"; };
		F759EDE82D18791100E12F68 /* QuestionViewModel.swift */ = {isa = PBXFileReference; lastKnownFileType = sourcecode.swift; path = QuestionViewModel.swift; sourceTree = "<group>"; };
		F759EDEC2D187AB800E12F68 /* Dynamic.swift */ = {isa = PBXFileReference; lastKnownFileType = sourcecode.swift; path = Dynamic.swift; sourceTree = "<group>"; };
		F759EDEE2D1A4AF100E12F68 /* AppSounds.swift */ = {isa = PBXFileReference; lastKnownFileType = sourcecode.swift; path = AppSounds.swift; sourceTree = "<group>"; };
		F77CB0FA2CC69572002D98A8 /* Interviewer_app.app */ = {isa = PBXFileReference; explicitFileType = wrapper.application; includeInIndex = 0; path = Interviewer_app.app; sourceTree = BUILT_PRODUCTS_DIR; };
		F77CB0FD2CC69572002D98A8 /* AppDelegate.swift */ = {isa = PBXFileReference; lastKnownFileType = sourcecode.swift; path = AppDelegate.swift; sourceTree = "<group>"; };
		F77CB0FF2CC69572002D98A8 /* SceneDelegate.swift */ = {isa = PBXFileReference; lastKnownFileType = sourcecode.swift; path = SceneDelegate.swift; sourceTree = "<group>"; };
		F77CB1062CC6957C002D98A8 /* Assets.xcassets */ = {isa = PBXFileReference; lastKnownFileType = folder.assetcatalog; path = Assets.xcassets; sourceTree = "<group>"; };
		F77CB1092CC6957C002D98A8 /* Base */ = {isa = PBXFileReference; lastKnownFileType = file.storyboard; name = Base; path = Base.lproj/LaunchScreen.storyboard; sourceTree = "<group>"; };
		F77CB10B2CC6957C002D98A8 /* Info.plist */ = {isa = PBXFileReference; lastKnownFileType = text.plist.xml; path = Info.plist; sourceTree = "<group>"; };
		F77CB11B2CC69A3E002D98A8 /* BaseViewController.swift */ = {isa = PBXFileReference; lastKnownFileType = sourcecode.swift; path = BaseViewController.swift; sourceTree = "<group>"; };
		F77CB11E2CC69B28002D98A8 /* MenuViewController.swift */ = {isa = PBXFileReference; lastKnownFileType = sourcecode.swift; path = MenuViewController.swift; sourceTree = "<group>"; };
		F77CB1202CC6A05C002D98A8 /* MenuView.swift */ = {isa = PBXFileReference; lastKnownFileType = sourcecode.swift; path = MenuView.swift; sourceTree = "<group>"; };
		F77CB1222CC6A0F6002D98A8 /* MenuViewModel.swift */ = {isa = PBXFileReference; lastKnownFileType = sourcecode.swift; path = MenuViewModel.swift; sourceTree = "<group>"; };
		F77CB1292CC6B965002D98A8 /* CategoryView.swift */ = {isa = PBXFileReference; lastKnownFileType = sourcecode.swift; path = CategoryView.swift; sourceTree = "<group>"; };
		F77CB12B2CC940F0002D98A8 /* InformationView.swift */ = {isa = PBXFileReference; lastKnownFileType = sourcecode.swift; path = InformationView.swift; sourceTree = "<group>"; };
		F77CB12D2CC95F6E002D98A8 /* MenuScreenBuilder.swift */ = {isa = PBXFileReference; lastKnownFileType = sourcecode.swift; path = MenuScreenBuilder.swift; sourceTree = "<group>"; };
		F77CB1312CCAA344002D98A8 /* AppColor.swift */ = {isa = PBXFileReference; lastKnownFileType = sourcecode.swift; path = AppColor.swift; sourceTree = "<group>"; };
		F77CB1332CCEE816002D98A8 /* CustomButton.swift */ = {isa = PBXFileReference; lastKnownFileType = sourcecode.swift; path = CustomButton.swift; sourceTree = "<group>"; };
		F77CB1362CDBA575002D98A8 /* AppFonts.swift */ = {isa = PBXFileReference; lastKnownFileType = sourcecode.swift; path = AppFonts.swift; sourceTree = "<group>"; };
		F77CB1392CDBA62E002D98A8 /* Inter-SemiBold.ttf */ = {isa = PBXFileReference; lastKnownFileType = file; path = "Inter-SemiBold.ttf"; sourceTree = "<group>"; };
		F77CB13A2CDBA62E002D98A8 /* WorkSans-Bold.ttf */ = {isa = PBXFileReference; lastKnownFileType = file; path = "WorkSans-Bold.ttf"; sourceTree = "<group>"; };
		F77CB13B2CDBA62E002D98A8 /* WorkSans-Regular.ttf */ = {isa = PBXFileReference; lastKnownFileType = file; path = "WorkSans-Regular.ttf"; sourceTree = "<group>"; };
		F77CB13C2CDBA62E002D98A8 /* Inter-Regular.ttf */ = {isa = PBXFileReference; lastKnownFileType = file; path = "Inter-Regular.ttf"; sourceTree = "<group>"; };
		F77CB13D2CDBA62F002D98A8 /* Inter-Bold.ttf */ = {isa = PBXFileReference; lastKnownFileType = file; path = "Inter-Bold.ttf"; sourceTree = "<group>"; };
		F77CB1442CDBA868002D98A8 /* Helper.swift */ = {isa = PBXFileReference; lastKnownFileType = sourcecode.swift; path = Helper.swift; sourceTree = "<group>"; };
		F77CB1462CDBA870002D98A8 /* Device.swift */ = {isa = PBXFileReference; lastKnownFileType = sourcecode.swift; path = Device.swift; sourceTree = "<group>"; };
		F77CB1482CDBA87D002D98A8 /* Dimension.swift */ = {isa = PBXFileReference; lastKnownFileType = sourcecode.swift; path = Dimension.swift; sourceTree = "<group>"; };
		F7B10C892CF5EAD5008C09F3 /* error.mp3 */ = {isa = PBXFileReference; lastKnownFileType = audio.mp3; path = error.mp3; sourceTree = "<group>"; };
		F7B10C8A2CF5EAD5008C09F3 /* hideContinue.mp3 */ = {isa = PBXFileReference; lastKnownFileType = audio.mp3; path = hideContinue.mp3; sourceTree = "<group>"; };
		F7B10C8B2CF5EAD6008C09F3 /* click.mp3 */ = {isa = PBXFileReference; lastKnownFileType = audio.mp3; path = click.mp3; sourceTree = "<group>"; };
		F7B10C8C2CF5EAD6008C09F3 /* swipe.mp3 */ = {isa = PBXFileReference; lastKnownFileType = audio.mp3; path = swipe.mp3; sourceTree = "<group>"; };
		F7B10C8D2CF5EAD6008C09F3 /* rightAnswer.mp3 */ = {isa = PBXFileReference; lastKnownFileType = audio.mp3; path = rightAnswer.mp3; sourceTree = "<group>"; };
		F7B10C8E2CF5EAD6008C09F3 /* trash.mp3 */ = {isa = PBXFileReference; lastKnownFileType = audio.mp3; path = trash.mp3; sourceTree = "<group>"; };
		F7B10C8F2CF5EAD6008C09F3 /* showContinue.mp3 */ = {isa = PBXFileReference; lastKnownFileType = audio.mp3; path = showContinue.mp3; sourceTree = "<group>"; };
		F7F9AE392CDD234700A6EDF6 /* CGFloat + Extension.swift */ = {isa = PBXFileReference; lastKnownFileType = sourcecode.swift; path = "CGFloat + Extension.swift"; sourceTree = "<group>"; };
		F7F9AE402CDD345300A6EDF6 /* ParametersButton.swift */ = {isa = PBXFileReference; lastKnownFileType = sourcecode.swift; path = ParametersButton.swift; sourceTree = "<group>"; };
		F7F9AE442CE147A400A6EDF6 /* QuestionsViewController.swift */ = {isa = PBXFileReference; lastKnownFileType = sourcecode.swift; path = QuestionsViewController.swift; sourceTree = "<group>"; };
		F7F9AE4C2CE3E3A600A6EDF6 /* SectionModel.swift */ = {isa = PBXFileReference; lastKnownFileType = sourcecode.swift; path = SectionModel.swift; sourceTree = "<group>"; };
		F7F9AE4E2CE3EB5000A6EDF6 /* HeaderReusableView.swift */ = {isa = PBXFileReference; lastKnownFileType = sourcecode.swift; path = HeaderReusableView.swift; sourceTree = "<group>"; };
		F7F9AE502CE3EE2000A6EDF6 /* QuestionsScreenBuilder.swift */ = {isa = PBXFileReference; lastKnownFileType = sourcecode.swift; path = QuestionsScreenBuilder.swift; sourceTree = "<group>"; };
		F7F9AE532CE54A9500A6EDF6 /* Coordinator.swift */ = {isa = PBXFileReference; lastKnownFileType = sourcecode.swift; path = Coordinator.swift; sourceTree = "<group>"; };
		F7F9AE592CE571ED00A6EDF6 /* MenuCoordinator.swift */ = {isa = PBXFileReference; lastKnownFileType = sourcecode.swift; path = MenuCoordinator.swift; sourceTree = "<group>"; };
		F7F9AE5B2CE7627200A6EDF6 /* EnlargedImageView.swift */ = {isa = PBXFileReference; lastKnownFileType = sourcecode.swift; path = EnlargedImageView.swift; sourceTree = "<group>"; };
/* End PBXFileReference section */

/* Begin PBXFrameworksBuildPhase section */
		F77CB0F72CC69572002D98A8 /* Frameworks */ = {
			isa = PBXFrameworksBuildPhase;
			buildActionMask = 2147483647;
			files = (
				F77CB1262CC6A282002D98A8 /* SnapKit in Frameworks */,
				F77CB1282CC6A282002D98A8 /* SnapKit-Dynamic in Frameworks */,
			);
			runOnlyForDeploymentPostprocessing = 0;
		};
/* End PBXFrameworksBuildPhase section */

/* Begin PBXGroup section */
		F75615D72D29761300045956 /* Controller */ = {
			isa = PBXGroup;
			children = (
				F75615D32D205B7700045956 /* SettingsViewController.swift */,
			);
			path = Controller;
			sourceTree = "<group>";
		};
		F75615D82D29762000045956 /* View */ = {
			isa = PBXGroup;
			children = (
				F75615D12D20585A00045956 /* SettingsView.swift */,
				F75615D52D284D4800045956 /* SettingsOptionView.swift */,
				F75615D92D29766F00045956 /* ScreenLine.swift */,
			);
			path = View;
			sourceTree = "<group>";
		};
		F759EDE42D18741800E12F68 /* SoundManager */ = {
			isa = PBXGroup;
			children = (
				F759EDE52D18742C00E12F68 /* SoundManager.swift */,
			);
			path = SoundManager;
			sourceTree = "<group>";
		};
		F759EDE72D1878F200E12F68 /* ViewModel */ = {
			isa = PBXGroup;
			children = (
				F759EDE82D18791100E12F68 /* QuestionViewModel.swift */,
			);
			path = ViewModel;
			sourceTree = "<group>";
		};
		F759EDEA2D1879AB00E12F68 /* Utilities */ = {
			isa = PBXGroup;
			children = (
				F759EDEC2D187AB800E12F68 /* Dynamic.swift */,
			);
			path = Utilities;
			sourceTree = "<group>";
		};
		F77CB0F12CC69572002D98A8 = {
			isa = PBXGroup;
			children = (
				F77CB0FC2CC69572002D98A8 /* Interviewer_app */,
				F77CB0FB2CC69572002D98A8 /* Products */,
			);
			sourceTree = "<group>";
		};
		F77CB0FB2CC69572002D98A8 /* Products */ = {
			isa = PBXGroup;
			children = (
				F77CB0FA2CC69572002D98A8 /* Interviewer_app.app */,
			);
			name = Products;
			sourceTree = "<group>";
		};
		F77CB0FC2CC69572002D98A8 /* Interviewer_app */ = {
			isa = PBXGroup;
			children = (
				F77CB0FD2CC69572002D98A8 /* AppDelegate.swift */,
				F77CB0FF2CC69572002D98A8 /* SceneDelegate.swift */,
				F77CB1122CC69986002D98A8 /* Screens */,
				F77CB12F2CCAA326002D98A8 /* Base */,
				F77CB1132CC69992002D98A8 /* Common */,
				F77CB1142CC699AD002D98A8 /* Managers */,
				F77CB1152CC699B3002D98A8 /* Extensions */,
				F7B10C872CF5EAAE008C09F3 /* Assets */,
				F77CB1082CC6957C002D98A8 /* LaunchScreen.storyboard */,
				F77CB10B2CC6957C002D98A8 /* Info.plist */,
			);
			path = Interviewer_app;
			sourceTree = "<group>";
		};
		F77CB1122CC69986002D98A8 /* Screens */ = {
			isa = PBXGroup;
			children = (
				F7B10C972CF8B218008C09F3 /* SettingsModule */,
				F7F9AE422CE1476700A6EDF6 /* QuestionsModule */,
				F77CB1162CC699C1002D98A8 /* MenuModule */,
			);
			path = Screens;
			sourceTree = "<group>";
		};
		F77CB1132CC69992002D98A8 /* Common */ = {
			isa = PBXGroup;
			children = (
				F759EDEA2D1879AB00E12F68 /* Utilities */,
				F7F9AE522CE54A7500A6EDF6 /* Navigation */,
				F77CB1432CDBA76F002D98A8 /* Adaptive */,
				F77CB1192CC69A29002D98A8 /* UI */,
			);
			path = Common;
			sourceTree = "<group>";
		};
		F77CB1142CC699AD002D98A8 /* Managers */ = {
			isa = PBXGroup;
			children = (
				F759EDE42D18741800E12F68 /* SoundManager */,
			);
			path = Managers;
			sourceTree = "<group>";
		};
		F77CB1152CC699B3002D98A8 /* Extensions */ = {
			isa = PBXGroup;
			children = (
				F7F9AE392CDD234700A6EDF6 /* CGFloat + Extension.swift */,
			);
			path = Extensions;
			sourceTree = "<group>";
		};
		F77CB1162CC699C1002D98A8 /* MenuModule */ = {
			isa = PBXGroup;
			children = (
				F77CB1182CC699F7002D98A8 /* ViewModel */,
				F77CB1172CC699F1002D98A8 /* View */,
				F77CB11D2CC69B13002D98A8 /* Controller */,
				F7F9AE582CE571DF00A6EDF6 /* Helper */,
			);
			path = MenuModule;
			sourceTree = "<group>";
		};
		F77CB1172CC699F1002D98A8 /* View */ = {
			isa = PBXGroup;
			children = (
				F77CB1202CC6A05C002D98A8 /* MenuView.swift */,
				F77CB1292CC6B965002D98A8 /* CategoryView.swift */,
				F77CB12B2CC940F0002D98A8 /* InformationView.swift */,
			);
			path = View;
			sourceTree = "<group>";
		};
		F77CB1182CC699F7002D98A8 /* ViewModel */ = {
			isa = PBXGroup;
			children = (
				F77CB1222CC6A0F6002D98A8 /* MenuViewModel.swift */,
			);
			path = ViewModel;
			sourceTree = "<group>";
		};
		F77CB1192CC69A29002D98A8 /* UI */ = {
			isa = PBXGroup;
			children = (
				F77CB1352CCEE81C002D98A8 /* UIElements */,
				F77CB11A2CC69A33002D98A8 /* Helper */,
			);
			path = UI;
			sourceTree = "<group>";
		};
		F77CB11A2CC69A33002D98A8 /* Helper */ = {
			isa = PBXGroup;
			children = (
				F77CB11B2CC69A3E002D98A8 /* BaseViewController.swift */,
			);
			path = Helper;
			sourceTree = "<group>";
		};
		F77CB11D2CC69B13002D98A8 /* Controller */ = {
			isa = PBXGroup;
			children = (
				F77CB11E2CC69B28002D98A8 /* MenuViewController.swift */,
			);
			path = Controller;
			sourceTree = "<group>";
		};
		F77CB12F2CCAA326002D98A8 /* Base */ = {
			isa = PBXGroup;
			children = (
				F77CB1302CCAA338002D98A8 /* Constants */,
			);
			path = Base;
			sourceTree = "<group>";
		};
		F77CB1302CCAA338002D98A8 /* Constants */ = {
			isa = PBXGroup;
			children = (
				F77CB1382CDBA60E002D98A8 /* Fonts */,
				F77CB1312CCAA344002D98A8 /* AppColor.swift */,
				F77CB1362CDBA575002D98A8 /* AppFonts.swift */,
				F759EDEE2D1A4AF100E12F68 /* AppSounds.swift */,
			);
			path = Constants;
			sourceTree = "<group>";
		};
		F77CB1352CCEE81C002D98A8 /* UIElements */ = {
			isa = PBXGroup;
			children = (
				F77CB1332CCEE816002D98A8 /* CustomButton.swift */,
				F7F9AE402CDD345300A6EDF6 /* ParametersButton.swift */,
				F7F9AE5B2CE7627200A6EDF6 /* EnlargedImageView.swift */,
			);
			path = UIElements;
			sourceTree = "<group>";
		};
		F77CB1382CDBA60E002D98A8 /* Fonts */ = {
			isa = PBXGroup;
			children = (
				F77CB13D2CDBA62F002D98A8 /* Inter-Bold.ttf */,
				F77CB13C2CDBA62E002D98A8 /* Inter-Regular.ttf */,
				F77CB1392CDBA62E002D98A8 /* Inter-SemiBold.ttf */,
				F77CB13A2CDBA62E002D98A8 /* WorkSans-Bold.ttf */,
				F77CB13B2CDBA62E002D98A8 /* WorkSans-Regular.ttf */,
			);
			path = Fonts;
			sourceTree = "<group>";
		};
		F77CB1432CDBA76F002D98A8 /* Adaptive */ = {
			isa = PBXGroup;
			children = (
				F77CB1482CDBA87D002D98A8 /* Dimension.swift */,
				F77CB1442CDBA868002D98A8 /* Helper.swift */,
				F77CB1462CDBA870002D98A8 /* Device.swift */,
			);
			path = Adaptive;
			sourceTree = "<group>";
		};
		F7B10C872CF5EAAE008C09F3 /* Assets */ = {
			isa = PBXGroup;
			children = (
				F7B10C882CF5EAC0008C09F3 /* Sound */,
				F77CB1062CC6957C002D98A8 /* Assets.xcassets */,
			);
			path = Assets;
			sourceTree = "<group>";
		};
		F7B10C882CF5EAC0008C09F3 /* Sound */ = {
			isa = PBXGroup;
			children = (
				F7B10C8B2CF5EAD6008C09F3 /* click.mp3 */,
				F7B10C892CF5EAD5008C09F3 /* error.mp3 */,
				F7B10C8A2CF5EAD5008C09F3 /* hideContinue.mp3 */,
				F7B10C8D2CF5EAD6008C09F3 /* rightAnswer.mp3 */,
				F7B10C8F2CF5EAD6008C09F3 /* showContinue.mp3 */,
				F7B10C8C2CF5EAD6008C09F3 /* swipe.mp3 */,
				F7B10C8E2CF5EAD6008C09F3 /* trash.mp3 */,
			);
			path = Sound;
			sourceTree = "<group>";
		};
		F7B10C972CF8B218008C09F3 /* SettingsModule */ = {
			isa = PBXGroup;
			children = (
				F75615D82D29762000045956 /* View */,
				F75615D72D29761300045956 /* Controller */,
			);
			path = SettingsModule;
			sourceTree = "<group>";
		};
		F7F9AE422CE1476700A6EDF6 /* QuestionsModule */ = {
			isa = PBXGroup;
			children = (
				F7F9AE4B2CE3E39B00A6EDF6 /* Model */,
				F7F9AE462CE1485000A6EDF6 /* View */,
				F759EDE72D1878F200E12F68 /* ViewModel */,
				F7F9AE432CE1479100A6EDF6 /* Controller */,
				F7F9AE552CE54B3E00A6EDF6 /* Helper */,
			);
			path = QuestionsModule;
			sourceTree = "<group>";
		};
		F7F9AE432CE1479100A6EDF6 /* Controller */ = {
			isa = PBXGroup;
			children = (
				F7F9AE442CE147A400A6EDF6 /* QuestionsViewController.swift */,
			);
			path = Controller;
			sourceTree = "<group>";
		};
		F7F9AE462CE1485000A6EDF6 /* View */ = {
			isa = PBXGroup;
			children = (
				F759EDE22D134CA100E12F68 /* QuestionView.swift */,
				F759EDDC2D0F311F00E12F68 /* Header.swift */,
				F7F9AE4E2CE3EB5000A6EDF6 /* HeaderReusableView.swift */,
			);
			path = View;
			sourceTree = "<group>";
		};
		F7F9AE4B2CE3E39B00A6EDF6 /* Model */ = {
			isa = PBXGroup;
			children = (
				F7F9AE4C2CE3E3A600A6EDF6 /* SectionModel.swift */,
			);
			path = Model;
			sourceTree = "<group>";
		};
		F7F9AE522CE54A7500A6EDF6 /* Navigation */ = {
			isa = PBXGroup;
			children = (
				F7F9AE532CE54A9500A6EDF6 /* Coordinator.swift */,
			);
			path = Navigation;
			sourceTree = "<group>";
		};
		F7F9AE552CE54B3E00A6EDF6 /* Helper */ = {
			isa = PBXGroup;
			children = (
				F7F9AE502CE3EE2000A6EDF6 /* QuestionsScreenBuilder.swift */,
			);
			path = Helper;
			sourceTree = "<group>";
		};
		F7F9AE582CE571DF00A6EDF6 /* Helper */ = {
			isa = PBXGroup;
			children = (
				F7F9AE592CE571ED00A6EDF6 /* MenuCoordinator.swift */,
				F77CB12D2CC95F6E002D98A8 /* MenuScreenBuilder.swift */,
			);
			path = Helper;
			sourceTree = "<group>";
		};
/* End PBXGroup section */

/* Begin PBXNativeTarget section */
		F77CB0F92CC69572002D98A8 /* Interviewer_app */ = {
			isa = PBXNativeTarget;
			buildConfigurationList = F77CB10E2CC6957C002D98A8 /* Build configuration list for PBXNativeTarget "Interviewer_app" */;
			buildPhases = (
				F77CB0F62CC69572002D98A8 /* Sources */,
				F77CB0F72CC69572002D98A8 /* Frameworks */,
				F77CB0F82CC69572002D98A8 /* Resources */,
			);
			buildRules = (
			);
			dependencies = (
			);
			name = Interviewer_app;
			packageProductDependencies = (
				F77CB1252CC6A282002D98A8 /* SnapKit */,
				F77CB1272CC6A282002D98A8 /* SnapKit-Dynamic */,
			);
			productName = Interviewer_app;
			productReference = F77CB0FA2CC69572002D98A8 /* Interviewer_app.app */;
			productType = "com.apple.product-type.application";
		};
/* End PBXNativeTarget section */

/* Begin PBXProject section */
		F77CB0F22CC69572002D98A8 /* Project object */ = {
			isa = PBXProject;
			attributes = {
				BuildIndependentTargetsInParallel = 1;
				LastSwiftUpdateCheck = 1500;
				LastUpgradeCheck = 1500;
				TargetAttributes = {
					F77CB0F92CC69572002D98A8 = {
						CreatedOnToolsVersion = 15.0.1;
					};
				};
			};
			buildConfigurationList = F77CB0F52CC69572002D98A8 /* Build configuration list for PBXProject "Interviewer_app" */;
			compatibilityVersion = "Xcode 14.0";
			developmentRegion = en;
			hasScannedForEncodings = 0;
			knownRegions = (
				en,
				Base,
			);
			mainGroup = F77CB0F12CC69572002D98A8;
			packageReferences = (
				F77CB1242CC6A282002D98A8 /* XCRemoteSwiftPackageReference "SnapKit" */,
			);
			productRefGroup = F77CB0FB2CC69572002D98A8 /* Products */;
			projectDirPath = "";
			projectRoot = "";
			targets = (
				F77CB0F92CC69572002D98A8 /* Interviewer_app */,
			);
		};
/* End PBXProject section */

/* Begin PBXResourcesBuildPhase section */
		F77CB0F82CC69572002D98A8 /* Resources */ = {
			isa = PBXResourcesBuildPhase;
			buildActionMask = 2147483647;
			files = (
				F7F9AE3B2CDD307900A6EDF6 /* Inter-Bold.ttf in Resources */,
				F7B10C922CF5EAD6008C09F3 /* click.mp3 in Resources */,
				F7B10C902CF5EAD6008C09F3 /* error.mp3 in Resources */,
				F77CB10A2CC6957C002D98A8 /* LaunchScreen.storyboard in Resources */,
				F7B10C912CF5EAD6008C09F3 /* hideContinue.mp3 in Resources */,
				F7F9AE3C2CDD307900A6EDF6 /* Inter-Regular.ttf in Resources */,
				F7B10C932CF5EAD6008C09F3 /* swipe.mp3 in Resources */,
				F7F9AE3D2CDD307900A6EDF6 /* Inter-SemiBold.ttf in Resources */,
				F77CB1072CC6957C002D98A8 /* Assets.xcassets in Resources */,
				F7B10C952CF5EAD6008C09F3 /* trash.mp3 in Resources */,
				F7F9AE3E2CDD307900A6EDF6 /* WorkSans-Bold.ttf in Resources */,
				F7F9AE3F2CDD307900A6EDF6 /* WorkSans-Regular.ttf in Resources */,
				F7B10C962CF5EAD6008C09F3 /* showContinue.mp3 in Resources */,
				F7B10C942CF5EAD6008C09F3 /* rightAnswer.mp3 in Resources */,
			);
			runOnlyForDeploymentPostprocessing = 0;
		};
/* End PBXResourcesBuildPhase section */

/* Begin PBXSourcesBuildPhase section */
		F77CB0F62CC69572002D98A8 /* Sources */ = {
			isa = PBXSourcesBuildPhase;
			buildActionMask = 2147483647;
			files = (
				F7F9AE5C2CE7627200A6EDF6 /* EnlargedImageView.swift in Sources */,
				F77CB1372CDBA576002D98A8 /* AppFonts.swift in Sources */,
				F77CB12E2CC95F6F002D98A8 /* MenuScreenBuilder.swift in Sources */,
				F759EDEF2D1A4AF100E12F68 /* AppSounds.swift in Sources */,
				F759EDE62D18742C00E12F68 /* SoundManager.swift in Sources */,
				F77CB1322CCAA344002D98A8 /* AppColor.swift in Sources */,
				F77CB1212CC6A05C002D98A8 /* MenuView.swift in Sources */,
				F75615D42D205B7700045956 /* SettingsViewController.swift in Sources */,
				F7F9AE4D2CE3E3A600A6EDF6 /* SectionModel.swift in Sources */,
				F759EDE32D134CA100E12F68 /* QuestionView.swift in Sources */,
				F77CB12C2CC940F0002D98A8 /* InformationView.swift in Sources */,
				F7F9AE512CE3EE2000A6EDF6 /* QuestionsScreenBuilder.swift in Sources */,
				F759EDED2D187AB800E12F68 /* Dynamic.swift in Sources */,
				F7F9AE542CE54A9500A6EDF6 /* Coordinator.swift in Sources */,
				F7F9AE4F2CE3EB5000A6EDF6 /* HeaderReusableView.swift in Sources */,
				F77CB1472CDBA870002D98A8 /* Device.swift in Sources */,
				F7F9AE412CDD345300A6EDF6 /* ParametersButton.swift in Sources */,
				F77CB12A2CC6B965002D98A8 /* CategoryView.swift in Sources */,
				F77CB11C2CC69A3E002D98A8 /* BaseViewController.swift in Sources */,
				F77CB1492CDBA87D002D98A8 /* Dimension.swift in Sources */,
				F759EDDD2D0F311F00E12F68 /* Header.swift in Sources */,
				F77CB0FE2CC69572002D98A8 /* AppDelegate.swift in Sources */,
				F77CB1342CCEE817002D98A8 /* CustomButton.swift in Sources */,
				F75615D62D284D4800045956 /* SettingsOptionView.swift in Sources */,
				F77CB1232CC6A0F7002D98A8 /* MenuViewModel.swift in Sources */,
				F75615DA2D29766F00045956 /* ScreenLine.swift in Sources */,
				F759EDE92D18791100E12F68 /* QuestionViewModel.swift in Sources */,
				F7F9AE3A2CDD234700A6EDF6 /* CGFloat + Extension.swift in Sources */,
				F7F9AE5A2CE571ED00A6EDF6 /* MenuCoordinator.swift in Sources */,
				F7F9AE452CE147A400A6EDF6 /* QuestionsViewController.swift in Sources */,
				F77CB1452CDBA868002D98A8 /* Helper.swift in Sources */,
				F77CB1002CC69572002D98A8 /* SceneDelegate.swift in Sources */,
				F75615D22D20585A00045956 /* SettingsView.swift in Sources */,
				F77CB11F2CC69B28002D98A8 /* MenuViewController.swift in Sources */,
			);
			runOnlyForDeploymentPostprocessing = 0;
		};
/* End PBXSourcesBuildPhase section */

/* Begin PBXVariantGroup section */
		F77CB1082CC6957C002D98A8 /* LaunchScreen.storyboard */ = {
			isa = PBXVariantGroup;
			children = (
				F77CB1092CC6957C002D98A8 /* Base */,
			);
			name = LaunchScreen.storyboard;
			sourceTree = "<group>";
		};
/* End PBXVariantGroup section */

/* Begin XCBuildConfiguration section */
		F77CB10C2CC6957C002D98A8 /* Debug */ = {
			isa = XCBuildConfiguration;
			buildSettings = {
				ALWAYS_SEARCH_USER_PATHS = NO;
				ASSETCATALOG_COMPILER_GENERATE_SWIFT_ASSET_SYMBOL_EXTENSIONS = YES;
				CLANG_ANALYZER_NONNULL = YES;
				CLANG_ANALYZER_NUMBER_OBJECT_CONVERSION = YES_AGGRESSIVE;
				CLANG_CXX_LANGUAGE_STANDARD = "gnu++20";
				CLANG_ENABLE_MODULES = YES;
				CLANG_ENABLE_OBJC_ARC = YES;
				CLANG_ENABLE_OBJC_WEAK = YES;
				CLANG_WARN_BLOCK_CAPTURE_AUTORELEASING = YES;
				CLANG_WARN_BOOL_CONVERSION = YES;
				CLANG_WARN_COMMA = YES;
				CLANG_WARN_CONSTANT_CONVERSION = YES;
				CLANG_WARN_DEPRECATED_OBJC_IMPLEMENTATIONS = YES;
				CLANG_WARN_DIRECT_OBJC_ISA_USAGE = YES_ERROR;
				CLANG_WARN_DOCUMENTATION_COMMENTS = YES;
				CLANG_WARN_EMPTY_BODY = YES;
				CLANG_WARN_ENUM_CONVERSION = YES;
				CLANG_WARN_INFINITE_RECURSION = YES;
				CLANG_WARN_INT_CONVERSION = YES;
				CLANG_WARN_NON_LITERAL_NULL_CONVERSION = YES;
				CLANG_WARN_OBJC_IMPLICIT_RETAIN_SELF = YES;
				CLANG_WARN_OBJC_LITERAL_CONVERSION = YES;
				CLANG_WARN_OBJC_ROOT_CLASS = YES_ERROR;
				CLANG_WARN_QUOTED_INCLUDE_IN_FRAMEWORK_HEADER = YES;
				CLANG_WARN_RANGE_LOOP_ANALYSIS = YES;
				CLANG_WARN_STRICT_PROTOTYPES = YES;
				CLANG_WARN_SUSPICIOUS_MOVE = YES;
				CLANG_WARN_UNGUARDED_AVAILABILITY = YES_AGGRESSIVE;
				CLANG_WARN_UNREACHABLE_CODE = YES;
				CLANG_WARN__DUPLICATE_METHOD_MATCH = YES;
				COPY_PHASE_STRIP = NO;
				DEBUG_INFORMATION_FORMAT = dwarf;
				ENABLE_STRICT_OBJC_MSGSEND = YES;
				ENABLE_TESTABILITY = YES;
				ENABLE_USER_SCRIPT_SANDBOXING = YES;
				GCC_C_LANGUAGE_STANDARD = gnu17;
				GCC_DYNAMIC_NO_PIC = NO;
				GCC_NO_COMMON_BLOCKS = YES;
				GCC_OPTIMIZATION_LEVEL = 0;
				GCC_PREPROCESSOR_DEFINITIONS = (
					"DEBUG=1",
					"$(inherited)",
				);
				GCC_WARN_64_TO_32_BIT_CONVERSION = YES;
				GCC_WARN_ABOUT_RETURN_TYPE = YES_ERROR;
				GCC_WARN_UNDECLARED_SELECTOR = YES;
				GCC_WARN_UNINITIALIZED_AUTOS = YES_AGGRESSIVE;
				GCC_WARN_UNUSED_FUNCTION = YES;
				GCC_WARN_UNUSED_VARIABLE = YES;
				IPHONEOS_DEPLOYMENT_TARGET = 16.0;
				LOCALIZATION_PREFERS_STRING_CATALOGS = YES;
				MTL_ENABLE_DEBUG_INFO = INCLUDE_SOURCE;
				MTL_FAST_MATH = YES;
				ONLY_ACTIVE_ARCH = YES;
				SDKROOT = iphoneos;
				SWIFT_ACTIVE_COMPILATION_CONDITIONS = "DEBUG $(inherited)";
				SWIFT_OPTIMIZATION_LEVEL = "-Onone";
			};
			name = Debug;
		};
		F77CB10D2CC6957C002D98A8 /* Release */ = {
			isa = XCBuildConfiguration;
			buildSettings = {
				ALWAYS_SEARCH_USER_PATHS = NO;
				ASSETCATALOG_COMPILER_GENERATE_SWIFT_ASSET_SYMBOL_EXTENSIONS = YES;
				CLANG_ANALYZER_NONNULL = YES;
				CLANG_ANALYZER_NUMBER_OBJECT_CONVERSION = YES_AGGRESSIVE;
				CLANG_CXX_LANGUAGE_STANDARD = "gnu++20";
				CLANG_ENABLE_MODULES = YES;
				CLANG_ENABLE_OBJC_ARC = YES;
				CLANG_ENABLE_OBJC_WEAK = YES;
				CLANG_WARN_BLOCK_CAPTURE_AUTORELEASING = YES;
				CLANG_WARN_BOOL_CONVERSION = YES;
				CLANG_WARN_COMMA = YES;
				CLANG_WARN_CONSTANT_CONVERSION = YES;
				CLANG_WARN_DEPRECATED_OBJC_IMPLEMENTATIONS = YES;
				CLANG_WARN_DIRECT_OBJC_ISA_USAGE = YES_ERROR;
				CLANG_WARN_DOCUMENTATION_COMMENTS = YES;
				CLANG_WARN_EMPTY_BODY = YES;
				CLANG_WARN_ENUM_CONVERSION = YES;
				CLANG_WARN_INFINITE_RECURSION = YES;
				CLANG_WARN_INT_CONVERSION = YES;
				CLANG_WARN_NON_LITERAL_NULL_CONVERSION = YES;
				CLANG_WARN_OBJC_IMPLICIT_RETAIN_SELF = YES;
				CLANG_WARN_OBJC_LITERAL_CONVERSION = YES;
				CLANG_WARN_OBJC_ROOT_CLASS = YES_ERROR;
				CLANG_WARN_QUOTED_INCLUDE_IN_FRAMEWORK_HEADER = YES;
				CLANG_WARN_RANGE_LOOP_ANALYSIS = YES;
				CLANG_WARN_STRICT_PROTOTYPES = YES;
				CLANG_WARN_SUSPICIOUS_MOVE = YES;
				CLANG_WARN_UNGUARDED_AVAILABILITY = YES_AGGRESSIVE;
				CLANG_WARN_UNREACHABLE_CODE = YES;
				CLANG_WARN__DUPLICATE_METHOD_MATCH = YES;
				COPY_PHASE_STRIP = NO;
				DEBUG_INFORMATION_FORMAT = "dwarf-with-dsym";
				ENABLE_NS_ASSERTIONS = NO;
				ENABLE_STRICT_OBJC_MSGSEND = YES;
				ENABLE_USER_SCRIPT_SANDBOXING = YES;
				GCC_C_LANGUAGE_STANDARD = gnu17;
				GCC_NO_COMMON_BLOCKS = YES;
				GCC_WARN_64_TO_32_BIT_CONVERSION = YES;
				GCC_WARN_ABOUT_RETURN_TYPE = YES_ERROR;
				GCC_WARN_UNDECLARED_SELECTOR = YES;
				GCC_WARN_UNINITIALIZED_AUTOS = YES_AGGRESSIVE;
				GCC_WARN_UNUSED_FUNCTION = YES;
				GCC_WARN_UNUSED_VARIABLE = YES;
				IPHONEOS_DEPLOYMENT_TARGET = 16.0;
				LOCALIZATION_PREFERS_STRING_CATALOGS = YES;
				MTL_ENABLE_DEBUG_INFO = NO;
				MTL_FAST_MATH = YES;
				SDKROOT = iphoneos;
				SWIFT_COMPILATION_MODE = wholemodule;
				VALIDATE_PRODUCT = YES;
			};
			name = Release;
		};
		F77CB10F2CC6957C002D98A8 /* Debug */ = {
			isa = XCBuildConfiguration;
			buildSettings = {
				ASSETCATALOG_COMPILER_APPICON_NAME = AppIcon;
				ASSETCATALOG_COMPILER_GLOBAL_ACCENT_COLOR_NAME = AccentColor;
				CODE_SIGN_STYLE = Automatic;
				CURRENT_PROJECT_VERSION = 1;
				DEVELOPMENT_TEAM = N8L5F3M6C5;
				GENERATE_INFOPLIST_FILE = YES;
				INFOPLIST_FILE = Interviewer_app/Info.plist;
				INFOPLIST_KEY_UIApplicationSupportsIndirectInputEvents = YES;
				INFOPLIST_KEY_UILaunchStoryboardName = LaunchScreen;
				INFOPLIST_KEY_UISupportedInterfaceOrientations = UIInterfaceOrientationPortrait;
				INFOPLIST_KEY_UISupportedInterfaceOrientations_iPad = "UIInterfaceOrientationLandscapeLeft UIInterfaceOrientationLandscapeRight UIInterfaceOrientationPortrait UIInterfaceOrientationPortraitUpsideDown";
				IPHONEOS_DEPLOYMENT_TARGET = 15.0;
				LD_RUNPATH_SEARCH_PATHS = (
					"$(inherited)",
					"@executable_path/Frameworks",
				);
				MARKETING_VERSION = 1.0;
				PRODUCT_BUNDLE_IDENTIFIER = "kiri4of.projects.Interviewer-app";
				PRODUCT_NAME = "$(TARGET_NAME)";
				SUPPORTED_PLATFORMS = "iphoneos iphonesimulator";
				SUPPORTS_MACCATALYST = NO;
				SUPPORTS_MAC_DESIGNED_FOR_IPHONE_IPAD = NO;
				SWIFT_EMIT_LOC_STRINGS = YES;
				SWIFT_VERSION = 5.0;
				TARGETED_DEVICE_FAMILY = 1;
			};
			name = Debug;
		};
		F77CB1102CC6957C002D98A8 /* Release */ = {
			isa = XCBuildConfiguration;
			buildSettings = {
				ASSETCATALOG_COMPILER_APPICON_NAME = AppIcon;
				ASSETCATALOG_COMPILER_GLOBAL_ACCENT_COLOR_NAME = AccentColor;
				CODE_SIGN_STYLE = Automatic;
				CURRENT_PROJECT_VERSION = 1;
				DEVELOPMENT_TEAM = N8L5F3M6C5;
				GENERATE_INFOPLIST_FILE = YES;
				INFOPLIST_FILE = Interviewer_app/Info.plist;
				INFOPLIST_KEY_UIApplicationSupportsIndirectInputEvents = YES;
				INFOPLIST_KEY_UILaunchStoryboardName = LaunchScreen;
				INFOPLIST_KEY_UISupportedInterfaceOrientations = UIInterfaceOrientationPortrait;
				INFOPLIST_KEY_UISupportedInterfaceOrientations_iPad = "UIInterfaceOrientationLandscapeLeft UIInterfaceOrientationLandscapeRight UIInterfaceOrientationPortrait UIInterfaceOrientationPortraitUpsideDown";
				IPHONEOS_DEPLOYMENT_TARGET = 15.0;
				LD_RUNPATH_SEARCH_PATHS = (
					"$(inherited)",
					"@executable_path/Frameworks",
				);
				MARKETING_VERSION = 1.0;
				PRODUCT_BUNDLE_IDENTIFIER = "kiri4of.projects.Interviewer-app";
				PRODUCT_NAME = "$(TARGET_NAME)";
				SUPPORTED_PLATFORMS = "iphoneos iphonesimulator";
				SUPPORTS_MACCATALYST = NO;
				SUPPORTS_MAC_DESIGNED_FOR_IPHONE_IPAD = NO;
				SWIFT_EMIT_LOC_STRINGS = YES;
				SWIFT_VERSION = 5.0;
				TARGETED_DEVICE_FAMILY = 1;
			};
			name = Release;
		};
/* End XCBuildConfiguration section */

/* Begin XCConfigurationList section */
		F77CB0F52CC69572002D98A8 /* Build configuration list for PBXProject "Interviewer_app" */ = {
			isa = XCConfigurationList;
			buildConfigurations = (
				F77CB10C2CC6957C002D98A8 /* Debug */,
				F77CB10D2CC6957C002D98A8 /* Release */,
			);
			defaultConfigurationIsVisible = 0;
			defaultConfigurationName = Release;
		};
		F77CB10E2CC6957C002D98A8 /* Build configuration list for PBXNativeTarget "Interviewer_app" */ = {
			isa = XCConfigurationList;
			buildConfigurations = (
				F77CB10F2CC6957C002D98A8 /* Debug */,
				F77CB1102CC6957C002D98A8 /* Release */,
			);
			defaultConfigurationIsVisible = 0;
			defaultConfigurationName = Release;
		};
/* End XCConfigurationList section */

/* Begin XCRemoteSwiftPackageReference section */
		F77CB1242CC6A282002D98A8 /* XCRemoteSwiftPackageReference "SnapKit" */ = {
			isa = XCRemoteSwiftPackageReference;
			repositoryURL = "https://github.com/SnapKit/SnapKit";
			requirement = {
				kind = upToNextMajorVersion;
				minimumVersion = 5.7.1;
			};
		};
/* End XCRemoteSwiftPackageReference section */

/* Begin XCSwiftPackageProductDependency section */
		F77CB1252CC6A282002D98A8 /* SnapKit */ = {
			isa = XCSwiftPackageProductDependency;
			package = F77CB1242CC6A282002D98A8 /* XCRemoteSwiftPackageReference "SnapKit" */;
			productName = SnapKit;
		};
		F77CB1272CC6A282002D98A8 /* SnapKit-Dynamic */ = {
			isa = XCSwiftPackageProductDependency;
			package = F77CB1242CC6A282002D98A8 /* XCRemoteSwiftPackageReference "SnapKit" */;
			productName = "SnapKit-Dynamic";
		};
/* End XCSwiftPackageProductDependency section */
	};
	rootObject = F77CB0F22CC69572002D98A8 /* Project object */;
}
